9fans.net/go v0.0.2 h1:RYM6lWITV8oADrwLfdzxmt8ucfW6UtP9v1jg4qAbqts=
9fans.net/go v0.0.2/go.mod h1:lfPdxjq9v8pVQXUMBCx5EO5oLXWQFlKRQgs1kEkjoIM=
github.com/google/codesearch v1.2.0 h1:VlyAH+AntnIbGGArOUs6sEBdPVwYvf1e8Uw3/TC77cA=
github.com/google/codesearch v1.2.0/go.mod h1:9wQjQDVAP7Mvt96tw1KqVeXncdBLOWUYdxRiHlsG6Xc=
